{
  "name": "LotusSocialMedia4",
  "lockfileVersion": 2,
  "requires": true,
  "packages": {
    "": {
      "devDependencies": {
        "@types/angular": "^1.8.1"
      }
    },
    "node_modules/@types/angular": {
      "version": "1.8.1",
      "resolved": "https://registry.npmjs.org/@types/angular/-/angular-1.8.1.tgz",
      "integrity": "sha512-8zEjTC3gpkva6/dbUkiSxIUGUxYm9HD/pJJ0lbqfEM2TWqi/3vs4VtgoFxVXt5bmuJ+6G2caO2HaMD+NzB1VwA==",
      "dev": true
    }
  },
  "dependencies": {
    "@types/angular": {
      "version": "1.8.1",
      "resolved": "https://registry.npmjs.org/@types/angular/-/angular-1.8.1.tgz",
      "integrity": "sha512-8zEjTC3gpkva6/dbUkiSxIUGUxYm9HD/pJJ0lbqfEM2TWqi/3vs4VtgoFxVXt5bmuJ+6G2caO2HaMD+NzB1VwA==",
      "dev": true
    }
  }
}
